	<Project xmlns="http://schemas.microsoft.com/developer/msbuild/2003">
		<PropertyGroup>
			<ProjectGuid>{446BEA27-F5BF-40E6-AF4A-6912E3CFFDF3}</ProjectGuid>
			<MainSource>lmdrttools.dpk</MainSource>
			<Configuration Condition=" '$(Configuration)' == '' ">Debug</Configuration>
			<Platform Condition=" '$(Platform)' == '' ">AnyCPU</Platform>
			<DCC_DCCCompiler>DCC32</DCC_DCCCompiler>
			<DCC_DependencyCheckOutputName>lmdrttools.bpl</DCC_DependencyCheckOutputName>
			<ProjectVersion>12.0</ProjectVersion>
			<Config Condition="'$(Config)'==''">build</Config>
		</PropertyGroup>
                <PropertyGroup Condition="'$(Config)'=='Base' or '$(Base)'!=''">
			<Base>true</Base>
		</PropertyGroup>
		<PropertyGroup Condition="'$(Config)'=='build' or '$(Cfg_2)'!=''">
			<Cfg_2>true</Cfg_2>
			<CfgParent>Base</CfgParent>
			<Base>true</Base>
		</PropertyGroup>
		<PropertyGroup Condition="'$(Base)'!=''">
			<DCC_DcuOutput>..\..\build</DCC_DcuOutput>
			<DllSuffix>140</DllSuffix>
			<DCC_CBuilderOutput>All</DCC_CBuilderOutput>
			<DCC_HppOutput>..\..</DCC_HppOutput>
			<DCC_DependencyCheckOutputName>lmdrttools.bpl</DCC_DependencyCheckOutputName>
			<DCC_ImageBase>00400000</DCC_ImageBase>
			<DCC_Description>LMD-Tools Main Components</DCC_Description>
			<RuntimeOnlyPackage>true</RuntimeOnlyPackage>
			<DesignOnlyPackage>false</DesignOnlyPackage>
			<DCC_OutputNeverBuildDcps>true</DCC_OutputNeverBuildDcps>
			<GenDll>true</GenDll>
			<DCC_SymbolReferenceInfo>1</DCC_SymbolReferenceInfo>
			<GenPackage>true</GenPackage>
		</PropertyGroup>
		<PropertyGroup Condition="'$(Cfg_2)'!=''">
			<Version>7.0</Version>
		</PropertyGroup>
		<ItemGroup>
			<DelphiCompile Include="lmdrttools.dpk">
				<MainSource>MainSource</MainSource>
			</DelphiCompile>
			<DCCReference Include="lmdrtl.dcp"> <CopyLocal>False</CopyLocal> </DCCReference>
    <DCCReference Include="rtl.dcp"> <CopyLocal>False</CopyLocal> </DCCReference>
    <DCCReference Include="vcl.dcp"> <CopyLocal>False</CopyLocal> </DCCReference>
    <DCCReference Include="vclx.dcp"> <CopyLocal>False</CopyLocal> </DCCReference>
    <DCCReference Include="lmdrtrtlx.dcp"> <CopyLocal>False</CopyLocal> </DCCReference>
    <DCCReference Include="lmdrtcore.dcp"> <CopyLocal>False</CopyLocal> </DCCReference>
    <DCCReference Include="lmdrtprint.dcp"> <CopyLocal>False</CopyLocal> </DCCReference>
                        <DCCReference Include="..\..\LMDBack.pas" />
    <DCCReference Include="..\..\LMDCheckListDlg.pas" />
    <DCCReference Include="..\..\LMD3DEffectButton.pas" />
    <DCCReference Include="..\..\LMDAboutDlg.pas" />
    <DCCReference Include="..\..\LMDAlarmComponent.pas" />
    <DCCReference Include="..\..\LMDAniCtrl.pas" />
    <DCCReference Include="..\..\LMDAssist.pas" />
    <DCCReference Include="..\..\LMDBaseShape.pas" />
    <DCCReference Include="..\..\LMDBufferComponent.pas" />
    <DCCReference Include="..\..\LMDButtonBar.pas" />
    <DCCReference Include="..\..\LMDButtonBarPopupMenu.pas" />
    <DCCReference Include="..\..\LMDCalendar.pas" />
    <DCCReference Include="..\..\LMDCalculator.pas" />
    <DCCReference Include="..\..\LMDCalculatorComboBox.pas" />
    <DCCReference Include="..\..\LMDCalculatorDlg.pas" />
    <DCCReference Include="..\..\LMDCalculatorEdit.pas" />
    <DCCReference Include="..\..\LMDCalendarComboBox.pas" />
    <DCCReference Include="..\..\LMDCalendarDlg.pas" />
    <DCCReference Include="..\..\LMDCalendarEdit.pas" />
    <DCCReference Include="..\..\LMDCaptionButtons.pas" />
    <DCCReference Include="..\..\LMDCaptionPanel.pas" />
    <DCCReference Include="..\..\LMDCaptionPanelGroup.pas" />
    <DCCReference Include="..\..\LMDCheckListComboBox.pas" />
    <DCCReference Include="..\..\LMDClock.pas" />
    <DCCReference Include="..\..\LMDCustom3DButton.pas" />
    <DCCReference Include="..\..\LMDCustomDateTimePicker.pas" />
    <DCCReference Include="..\..\LMDCustomFormComboBox.pas" />
    <DCCReference Include="..\..\LMDCustomGraphicLabel.pas" />
    <DCCReference Include="..\..\LMDCustomHeaderPanel.pas" />
    <DCCReference Include="..\..\LMDCustomLabelFill.pas" />
    <DCCReference Include="..\..\LMDCustomLight.pas" />
    <DCCReference Include="..\..\LMDCustomListComboBox.pas" />
    <DCCReference Include="..\..\LMDCustomMMButton.pas" />
    <DCCReference Include="..\..\LMDCustomShapeButton.pas" />
    <DCCReference Include="..\..\LMDCustomSwitch.pas" />
    <DCCReference Include="..\..\LMDDateTimePicker.pas" />
    <DCCReference Include="..\..\LMDDirDlg.pas" />
    <DCCReference Include="..\..\LMDDlgButtonPanel.pas" />
    <DCCReference Include="..\..\LMDDlgEx.pas" />
    <DCCReference Include="..\..\LMDDriveComboBox.pas" />
    <DCCReference Include="..\..\LMDEditActions.pas" />
    <DCCReference Include="..\..\LMDExpressionEval.pas" />
    <DCCReference Include="..\..\LMDFlyoutController.pas" />
    <DCCReference Include="..\..\LMDFormA.pas" />
    <DCCReference Include="..\..\LMDFormComboBox.pas" />
    <DCCReference Include="..\..\LMDFormFill.pas" />
    <DCCReference Include="..\..\LMDFormShadow.pas" />
    <DCCReference Include="..\..\LMDFormShape.pas" />
    <DCCReference Include="..\..\LMDGlobalHotkey.pas" />
    <DCCReference Include="..\..\LMDGraphicLabel.pas" />
    <DCCReference Include="..\..\LMDGrlf.pas" />
    <DCCReference Include="..\..\LMDHeader.pas" />
    <DCCReference Include="..\..\LMDHeaderListComboBox.pas" />
    <DCCReference Include="..\..\LMDHeaderPanel.pas" />
    <DCCReference Include="..\..\LMDHeaderPanelButton.pas" />
    <DCCReference Include="..\..\LMDHideNonVC.pas" />
    <DCCReference Include="..\..\LMDInputDlg.pas" />
    <DCCReference Include="..\..\LMDLabelFill.pas" />
    <DCCReference Include="..\..\LMDLED.pas" />
    <DCCReference Include="..\..\LMDLEDCustomLabel.pas" />
    <DCCReference Include="..\..\LMDLEDLabel.pas" />
    <DCCReference Include="..\..\LMDLight.pas" />
    <DCCReference Include="..\..\LMDListComboBox.pas" />
    <DCCReference Include="..\..\LMDListComponent.pas" />
    <DCCReference Include="..\..\LMDMain.pas" />
    <DCCReference Include="..\..\LMDMathParser.pas" />
    <DCCReference Include="..\..\LMDMMButton.pas" />
    <DCCReference Include="..\..\LMDMMButtonFaceController.pas" />
    <DCCReference Include="..\..\LMDMsg.pas" />
    <DCCReference Include="..\..\LMDNoteBook.pas" />
    <DCCReference Include="..\..\LMDObjectStorage.pas" />
    <DCCReference Include="..\..\LMDPanelCaptionObject.pas" />
    <DCCReference Include="..\..\LMDPanelShape.pas" />
    <DCCReference Include="..\..\LMDPopupMenu.pas" />
    <DCCReference Include="..\..\LMDQueueComponent.pas" />
    <DCCReference Include="..\..\LMDRegion.pas" />
    <DCCReference Include="..\..\LMDRegionMask.pas" />
    <DCCReference Include="..\..\LMDRepeatedShape.pas" />
    <DCCReference Include="..\..\LMDScrollText.pas" />
    <DCCReference Include="..\..\LMDSendKeys.pas" />
    <DCCReference Include="..\..\LMDShape.pas" />
    <DCCReference Include="..\..\LMDShapeBase.pas" />
    <DCCReference Include="..\..\LMDShapeButton.pas" />
    <DCCReference Include="..\..\LMDShapeButtonColor.pas" />
    <DCCReference Include="..\..\LMDShapeControl.pas" />
    <DCCReference Include="..\..\LMDSimpleBevel.pas" />
    <DCCReference Include="..\..\LMDStackComponent.pas" />
    <DCCReference Include="..\..\LMDStaticText.pas" />
    <DCCReference Include="..\..\LMDSwitch.pas" />
    <DCCReference Include="..\..\LMDSysMenu.pas" />
    <DCCReference Include="..\..\LMDTagEditor.pas" />
    <DCCReference Include="..\..\LMDTechnicalLine.pas" />
    <DCCReference Include="..\..\LMDTeeth.pas" />
    <DCCReference Include="..\..\LMDTextEditDlg.pas" />
    <DCCReference Include="..\..\LMDTextEditor.pas">
      <Form>LMDFrmTextEditor</Form>
    </DCCReference>
    <DCCReference Include="..\..\LMDTipDlg.pas" />
    <DCCReference Include="..\..\LMDTrackBarComboBox.pas" />
    <DCCReference Include="..\..\LMDTreeComboBox.pas" />
    <DCCReference Include="..\..\LMDTxtPrinter.pas" />
    <DCCReference Include="..\..\LMDWindowListDlg.pas" />
    <DCCReference Include="..\..\LMDWndButtonShape.pas" />
    <DCCReference Include="..\..\LMDEditPrintTask.pas" />
			<BuildConfiguration Include="Base">
				<Key>Base</Key>
			</BuildConfiguration>
			<BuildConfiguration Include="Debug">
				<Key>Cfg_2</Key>
				<CfgParent>Base</CfgParent>
			</BuildConfiguration>
			<BuildConfiguration Include="Release">
				<Key>Cfg_1</Key>
				<CfgParent>Base</CfgParent>
			</BuildConfiguration>
		</ItemGroup>
		<Import Project="$(BDS)\Bin\CodeGear.Delphi.Targets" Condition="Exists('$(BDS)\Bin\CodeGear.Delphi.Targets')"/>
		<ProjectExtensions>
			<Borland.Personality>Delphi.Personality.12</Borland.Personality>
			<Borland.ProjectType>Package</Borland.ProjectType>
			<BorlandProject>
				<Delphi.Personality>
					<Parameters>
						<Parameters Name="UseLauncher">False</Parameters>
						<Parameters Name="LoadAllSymbols">True</Parameters>
						<Parameters Name="LoadUnspecifiedSymbols">False</Parameters>
					</Parameters>
					<VersionInfo>
						<VersionInfo Name="IncludeVerInfo">True</VersionInfo>
						<VersionInfo Name="AutoIncBuild">False</VersionInfo>
						<VersionInfo Name="MajorVer">1</VersionInfo>
						<VersionInfo Name="MinorVer">0</VersionInfo>
						<VersionInfo Name="Release">0</VersionInfo>
						<VersionInfo Name="Build">0</VersionInfo>
						<VersionInfo Name="Debug">False</VersionInfo>
						<VersionInfo Name="PreRelease">False</VersionInfo>
						<VersionInfo Name="Special">False</VersionInfo>
						<VersionInfo Name="Private">False</VersionInfo>
						<VersionInfo Name="DLL">False</VersionInfo>
						<VersionInfo Name="Locale">1049</VersionInfo>
						<VersionInfo Name="CodePage">1251</VersionInfo>
					</VersionInfo>
					<VersionInfoKeys>
						<VersionInfoKeys Name="CompanyName">LMD Innovative</VersionInfoKeys>
						<VersionInfoKeys Name="FileDescription">LMD-Tools Main Components</VersionInfoKeys>
						<VersionInfoKeys Name="FileVersion">2016.5.*</VersionInfoKeys>
						<VersionInfoKeys Name="InternalName"/>
						<VersionInfoKeys Name="LegalCopyright">Copyright (c) LMD Innovative</VersionInfoKeys>
						<VersionInfoKeys Name="LegalTrademarks"/>
						<VersionInfoKeys Name="OriginalFilename"/>
						<VersionInfoKeys Name="ProductName">LMD 2009 VCL Series</VersionInfoKeys>
						<VersionInfoKeys Name="ProductVersion">1.0.0.0</VersionInfoKeys>
						<VersionInfoKeys Name="Comments"/>
					</VersionInfoKeys>
					<Source>
						<Source Name="MainSource">lmdrttools.dpk</Source>
					</Source>
				</Delphi.Personality>
			</BorlandProject>
			<ProjectFileVersion>12</ProjectFileVersion>
		</ProjectExtensions>
	</Project>
