<Project xmlns="http://schemas.microsoft.com/developer/msbuild/2003">
    <PropertyGroup>
        <ProjectGuid>{993E812B-7BCD-4DB0-A610-7A3CC04BE1BA}</ProjectGuid>
        <FrameworkType>VCL</FrameworkType>
        <MainSource>lmdrttoolsdb.dpk</MainSource>
        <ProjectVersion>19.1</ProjectVersion>
        <Base>True</Base>
        <Config Condition="'$(Config)'==''">build</Config>
        <Platform Condition="'$(Platform)'==''">Win32</Platform>
        <AppType>Package</AppType>
        <DCC_DCCCompiler>DCC32</DCC_DCCCompiler>
        <TargetedPlatforms>3</TargetedPlatforms>
    </PropertyGroup>
    <PropertyGroup Condition="'$(Config)'=='Base' or '$(Base)'!=''">
        <Base>true</Base>
    </PropertyGroup>
    <PropertyGroup Condition="('$(Platform)'=='Android' and '$(Base)'=='true') or '$(Base_Android)'!=''">
        <Base_Android>true</Base_Android>
        <CfgParent>Base</CfgParent>
        <Base>true</Base>
    </PropertyGroup>
    <PropertyGroup Condition="('$(Platform)'=='Android64' and '$(Base)'=='true') or '$(Base_Android64)'!=''">
        <Base_Android64>true</Base_Android64>
        <CfgParent>Base</CfgParent>
        <Base>true</Base>
    </PropertyGroup>
    <PropertyGroup Condition="('$(Platform)'=='Win32' and '$(Base)'=='true') or '$(Base_Win32)'!=''">
        <Base_Win32>true</Base_Win32>
        <CfgParent>Base</CfgParent>
        <Base>true</Base>
    </PropertyGroup>
    <PropertyGroup Condition="('$(Platform)'=='Win64' and '$(Base)'=='true') or '$(Base_Win64)'!=''">
        <Base_Win64>true</Base_Win64>
        <CfgParent>Base</CfgParent>
        <Base>true</Base>
    </PropertyGroup>
    <PropertyGroup Condition="'$(Config)'=='build' or '$(Cfg_1)'!=''">
        <Cfg_1>true</Cfg_1>
        <CfgParent>Base</CfgParent>
        <Base>true</Base>
    </PropertyGroup>
    <PropertyGroup Condition="'$(Base)'!=''">
        <DCC_HppOutput>..\..</DCC_HppOutput>
        <RuntimeOnlyPackage>true</RuntimeOnlyPackage>
        <DesignOnlyPackage>false</DesignOnlyPackage>
        <VerInfo_IncludeVerInfo>true</VerInfo_IncludeVerInfo>
        <VerInfo_Keys>CompanyName=LMD Innovative;FileDescription=LMD-Tools Main Database Components;FileVersion=2016.5.0;InternalName=;LegalCopyright=Copyright (c) LMD Innovative;LegalTrademarks=;OriginalFilename=;ProductName=LMD VCL Series;ProductVersion=2016.5.0;Comments=</VerInfo_Keys>
        <VerInfo_Locale>1033</VerInfo_Locale>
        <DCC_Namespace>Winapi;System;System.Win;Xml;Data;Datasnap;Web;Soap;Vcl;Vcl.Imaging;Vcl.Touch;Vcl.Samples;Vcl.Shell;$(DCC_Namespace)</DCC_Namespace>
        <DCC_CBuilderOutput>All</DCC_CBuilderOutput>
        <GenPackage>true</GenPackage>
        <GenDll>true</GenDll>
        <DllSuffix>210</DllSuffix>
        <DCC_Description>LMD-Tools Main Database Components</DCC_Description>
        <DCC_DcuOutput>..\..\build\$(Platform)</DCC_DcuOutput>
        <DCC_ExeOutput>..\..\build\$(Platform)</DCC_ExeOutput>
        <DCC_E>false</DCC_E>
        <DCC_N>false</DCC_N>
        <DCC_S>false</DCC_S>
        <DCC_F>false</DCC_F>
        <DCC_K>false</DCC_K>
        <SanitizedProjectName>lmdrttoolsdb</SanitizedProjectName>
    </PropertyGroup>
    <PropertyGroup Condition="'$(Base_Android)'!=''">
        <VerInfo_IncludeVerInfo>false</VerInfo_IncludeVerInfo>
        <VerInfo_Keys>package=com.embarcadero.$(MSBuildProjectName);label=$(MSBuildProjectName);versionCode=1;versionName=1.0.0;persistent=False;restoreAnyVersion=False;installLocation=preferExternal;largeHeap=False;theme=TitleBar</VerInfo_Keys>
        <BT_BuildType>Debug</BT_BuildType>
        <EnabledSysJars>android-support-v4.dex.jar;cloud-messaging.dex.jar;com-google-android-gms.play-services-ads-base.17.2.0.dex.jar;com-google-android-gms.play-services-ads-identifier.16.0.0.dex.jar;com-google-android-gms.play-services-ads-lite.17.2.0.dex.jar;com-google-android-gms.play-services-ads.17.2.0.dex.jar;com-google-android-gms.play-services-analytics-impl.16.0.8.dex.jar;com-google-android-gms.play-services-analytics.16.0.8.dex.jar;com-google-android-gms.play-services-base.16.0.1.dex.jar;com-google-android-gms.play-services-basement.16.2.0.dex.jar;com-google-android-gms.play-services-gass.17.2.0.dex.jar;com-google-android-gms.play-services-identity.16.0.0.dex.jar;com-google-android-gms.play-services-maps.16.1.0.dex.jar;com-google-android-gms.play-services-measurement-base.16.4.0.dex.jar;com-google-android-gms.play-services-measurement-sdk-api.16.4.0.dex.jar;com-google-android-gms.play-services-stats.16.0.1.dex.jar;com-google-android-gms.play-services-tagmanager-v4-impl.16.0.8.dex.jar;com-google-android-gms.play-services-tasks.16.0.1.dex.jar;com-google-android-gms.play-services-wallet.16.0.1.dex.jar;com-google-firebase.firebase-analytics.16.4.0.dex.jar;com-google-firebase.firebase-common.16.1.0.dex.jar;com-google-firebase.firebase-iid-interop.16.0.1.dex.jar;com-google-firebase.firebase-iid.17.1.1.dex.jar;com-google-firebase.firebase-measurement-connector.17.0.1.dex.jar;com-google-firebase.firebase-messaging.17.5.0.dex.jar;fmx.dex.jar;google-play-billing.dex.jar;google-play-licensing.dex.jar</EnabledSysJars>
    </PropertyGroup>
    <PropertyGroup Condition="'$(Base_Android64)'!=''">
        <VerInfo_Keys>package=com.embarcadero.$(MSBuildProjectName);label=$(MSBuildProjectName);versionCode=1;versionName=1.0.0;persistent=False;restoreAnyVersion=False;installLocation=preferExternal;largeHeap=False;theme=TitleBar</VerInfo_Keys>
        <BT_BuildType>Debug</BT_BuildType>
        <VerInfo_IncludeVerInfo>false</VerInfo_IncludeVerInfo>
        <Base_Android>true</Base_Android>
        <CfgParent>Base</CfgParent>
        <Base>true</Base>
        <EnabledSysJars>android-support-v4.dex.jar;cloud-messaging.dex.jar;com-google-android-gms.play-services-ads-base.17.2.0.dex.jar;com-google-android-gms.play-services-ads-identifier.16.0.0.dex.jar;com-google-android-gms.play-services-ads-lite.17.2.0.dex.jar;com-google-android-gms.play-services-ads.17.2.0.dex.jar;com-google-android-gms.play-services-analytics-impl.16.0.8.dex.jar;com-google-android-gms.play-services-analytics.16.0.8.dex.jar;com-google-android-gms.play-services-base.16.0.1.dex.jar;com-google-android-gms.play-services-basement.16.2.0.dex.jar;com-google-android-gms.play-services-gass.17.2.0.dex.jar;com-google-android-gms.play-services-identity.16.0.0.dex.jar;com-google-android-gms.play-services-maps.16.1.0.dex.jar;com-google-android-gms.play-services-measurement-base.16.4.0.dex.jar;com-google-android-gms.play-services-measurement-sdk-api.16.4.0.dex.jar;com-google-android-gms.play-services-stats.16.0.1.dex.jar;com-google-android-gms.play-services-tagmanager-v4-impl.16.0.8.dex.jar;com-google-android-gms.play-services-tasks.16.0.1.dex.jar;com-google-android-gms.play-services-wallet.16.0.1.dex.jar;com-google-firebase.firebase-analytics.16.4.0.dex.jar;com-google-firebase.firebase-common.16.1.0.dex.jar;com-google-firebase.firebase-iid-interop.16.0.1.dex.jar;com-google-firebase.firebase-iid.17.1.1.dex.jar;com-google-firebase.firebase-measurement-connector.17.0.1.dex.jar;com-google-firebase.firebase-messaging.17.5.0.dex.jar;fmx.dex.jar;google-play-billing.dex.jar;google-play-licensing.dex.jar</EnabledSysJars>
    </PropertyGroup>
    <PropertyGroup Condition="'$(Base_Win32)'!=''">
        <Manifest_File>$(BDS)\bin\default_app.manifest</Manifest_File>
        <AppEnableRuntimeThemes>true</AppEnableRuntimeThemes>
    </PropertyGroup>
    <PropertyGroup Condition="'$(Base_Win64)'!=''">
        <Manifest_File>$(BDS)\bin\default_app.manifest</Manifest_File>
        <AppEnableRuntimeThemes>true</AppEnableRuntimeThemes>
    </PropertyGroup>
    <ItemGroup>
        <DelphiCompile Include="$(MainSource)">
            <MainSource>MainSource</MainSource>
        </DelphiCompile>
        <DCCReference Include="lmdrtl.dcp">
            <CopyLocal>False</CopyLocal>
        </DCCReference>
        <DCCReference Include="rtl.dcp">
            <CopyLocal>False</CopyLocal>
        </DCCReference>
        <DCCReference Include="vcl.dcp">
            <CopyLocal>False</CopyLocal>
        </DCCReference>
        <DCCReference Include="vclx.dcp">
            <CopyLocal>False</CopyLocal>
        </DCCReference>
        <DCCReference Include="dbrtl.dcp">
            <CopyLocal>False</CopyLocal>
        </DCCReference>
        <DCCReference Include="vcldb.dcp">
            <CopyLocal>False</CopyLocal>
        </DCCReference>
        <DCCReference Include="lmdrtrtlx.dcp">
            <CopyLocal>False</CopyLocal>
        </DCCReference>
        <DCCReference Include="lmdrtcore.dcp">
            <CopyLocal>False</CopyLocal>
        </DCCReference>
        <DCCReference Include="lmdrttools.dcp">
            <CopyLocal>False</CopyLocal>
        </DCCReference>
        <DCCReference Include="..\..\LMDDBBase.pas"/>
        <DCCReference Include="..\..\LMDBookmarkCont.pas"/>
        <DCCReference Include="..\..\LMDBookmarkList.pas"/>
        <DCCReference Include="..\..\LMDCSV2DBImport.pas"/>
        <DCCReference Include="..\..\LMDCSVImport.pas"/>
        <DCCReference Include="..\..\LMDDBBtn.pas"/>
        <DCCReference Include="..\..\LMDDBCal.pas"/>
        <DCCReference Include="..\..\LMDDBCalculatorComboBox.pas"/>
        <DCCReference Include="..\..\LMDDBCalendarComboBox.pas"/>
        <DCCReference Include="..\..\LMDDBCheckBox.pas"/>
        <DCCReference Include="..\..\LMDDBCheckGroup.pas"/>
        <DCCReference Include="..\..\LMDDBColorCombobox.pas"/>
        <DCCReference Include="..\..\LMDDBConst.pas"/>
        <DCCReference Include="..\..\LMDDBEdit.pas"/>
        <DCCReference Include="..\..\LMDDBEditDBLookup.pas"/>
        <DCCReference Include="..\..\LMDDBExport.pas"/>
        <DCCReference Include="..\..\LMDDBExtSpinEdit.pas"/>
        <DCCReference Include="..\..\LMDDBFieldComboBox.pas"/>
        <DCCReference Include="..\..\LMDDBGlyphInfoLabel.pas"/>
        <DCCReference Include="..\..\LMDDBGraphicLabel.pas"/>
        <DCCReference Include="..\..\LMDDBImageComboBox.pas"/>
        <DCCReference Include="..\..\LMDDBImageListBox.pas"/>
        <DCCReference Include="..\..\LMDDBInformationLabel.pas"/>
        <DCCReference Include="..\..\LMDDBLabel.pas"/>
        <DCCReference Include="..\..\LMDDBHTMLLabel.pas"/>
        <DCCReference Include="..\..\LMDDBLabelFill.pas"/>
        <DCCReference Include="..\..\LMDDBLEDLabel.pas"/>
        <DCCReference Include="..\..\LMDDBLight.pas"/>
        <DCCReference Include="..\..\LMDDBListComboBox.pas"/>
        <DCCReference Include="..\..\LMDDBLookupCtrls.pas"/>
        <DCCReference Include="..\..\LMDDBMaskEdit.pas"/>
        <DCCReference Include="..\..\LMDDBMemo.pas"/>
        <DCCReference Include="..\..\LMDDBNImage.pas"/>
        <DCCReference Include="..\..\LMDDBProgress.pas"/>
        <DCCReference Include="..\..\LMDDBProgressFill.pas"/>
        <DCCReference Include="..\..\LMDDBRadioButton.pas"/>
        <DCCReference Include="..\..\LMDDBRadioGroup.pas"/>
        <DCCReference Include="..\..\LMDDBRestoreGrid.pas"/>
        <DCCReference Include="..\..\LMDDBShapeControl.pas"/>
        <DCCReference Include="..\..\LMDDBSimpleLabel.pas"/>
        <DCCReference Include="..\..\LMDDBSpeedButton.pas"/>
        <DCCReference Include="..\..\LMDDBSpinEdit.pas"/>
        <DCCReference Include="..\..\LMDDBSwitch.pas"/>
        <DCCReference Include="..\..\LMDDBTrackBar.pas"/>
        <DCCReference Include="..\..\LMDDBTreeComboBox.pas"/>
        <DCCReference Include="..\..\LMDEditDBLookup.pas"/>
        <DCCReference Include="..\..\LMDImport.pas"/>
        <BuildConfiguration Include="Base">
            <Key>Base</Key>
        </BuildConfiguration>
        <BuildConfiguration Include="build">
            <Key>Cfg_1</Key>
            <CfgParent>Base</CfgParent>
        </BuildConfiguration>
    </ItemGroup>
    <ProjectExtensions>
        <Borland.Personality>Delphi.Personality.12</Borland.Personality>
        <Borland.ProjectType>Package</Borland.ProjectType>
        <BorlandProject>
            <Delphi.Personality>
                <VersionInfo>
                    <VersionInfo Name="IncludeVerInfo">True</VersionInfo>
                    <VersionInfo Name="AutoIncBuild">False</VersionInfo>
                    <VersionInfo Name="MajorVer">1</VersionInfo>
                    <VersionInfo Name="MinorVer">0</VersionInfo>
                    <VersionInfo Name="Release">0</VersionInfo>
                    <VersionInfo Name="Build">0</VersionInfo>
                    <VersionInfo Name="Debug">False</VersionInfo>
                    <VersionInfo Name="PreRelease">False</VersionInfo>
                    <VersionInfo Name="Special">False</VersionInfo>
                    <VersionInfo Name="Private">False</VersionInfo>
                    <VersionInfo Name="DLL">False</VersionInfo>
                    <VersionInfo Name="Locale">1049</VersionInfo>
                    <VersionInfo Name="CodePage">1251</VersionInfo>
                </VersionInfo>
                <VersionInfoKeys>
                    <VersionInfoKeys Name="CompanyName">LMD Innovative</VersionInfoKeys>
                    <VersionInfoKeys Name="FileDescription">LMD-Tools Main Database Components</VersionInfoKeys>
                    <VersionInfoKeys Name="FileVersion">2016.5.0</VersionInfoKeys>
                    <VersionInfoKeys Name="InternalName"/>
                    <VersionInfoKeys Name="LegalCopyright">Copyright (c) LMD Innovative</VersionInfoKeys>
                    <VersionInfoKeys Name="LegalTrademarks"/>
                    <VersionInfoKeys Name="OriginalFilename"/>
                    <VersionInfoKeys Name="ProductName">LMD 2014 VCL Series</VersionInfoKeys>
                    <VersionInfoKeys Name="ProductVersion">2016.5.0</VersionInfoKeys>
                    <VersionInfoKeys Name="Comments"/>
                </VersionInfoKeys>
                <Source>
                    <Source Name="MainSource">lmdrttoolsdb.dpk</Source>
                </Source>
                <Excluded_Packages>
                    <Excluded_Packages Name="$(BDSBIN)\bcboffice2k160.bpl">Embarcadero C++Builder Office 2000 Servers Package</Excluded_Packages>
                    <Excluded_Packages Name="$(BDSBIN)\bcbofficexp160.bpl">Embarcadero C++Builder Office XP Servers Package</Excluded_Packages>
                    <Excluded_Packages Name="$(BDSBIN)\dclofficexp160.bpl">Microsoft Office XP Sample Automation Server Wrapper Components</Excluded_Packages>
                </Excluded_Packages>
            </Delphi.Personality>
            <Deployment Version="3"/>
            <Platforms>
                <Platform value="Android">False</Platform>
                <Platform value="Android64">False</Platform>
                <Platform value="iOSSimulator">False</Platform>
                <Platform value="Win32">True</Platform>
                <Platform value="Win64">True</Platform>
            </Platforms>
        </BorlandProject>
        <ProjectFileVersion>12</ProjectFileVersion>
    </ProjectExtensions>
    <Import Condition="Exists('$(BDS)\Bin\CodeGear.Delphi.Targets')" Project="$(BDS)\Bin\CodeGear.Delphi.Targets"/>
    <Import Condition="Exists('$(APPDATA)\Embarcadero\$(BDSAPPDATABASEDIR)\$(PRODUCTVERSION)\UserTools.proj')" Project="$(APPDATA)\Embarcadero\$(BDSAPPDATABASEDIR)\$(PRODUCTVERSION)\UserTools.proj"/>
    <Import Project="$(MSBuildProjectName).deployproj" Condition="Exists('$(MSBuildProjectName).deployproj')"/>
</Project>
