<Project xmlns="http://schemas.microsoft.com/developer/msbuild/2003">
    <PropertyGroup>
        <ProjectGuid>{52C3A694-371C-40E5-9C61-70D88242A371}</ProjectGuid>
        <FrameworkType>VCL</FrameworkType>
        <MainSource>lmdrtelcore.dpk</MainSource>
        <ProjectVersion>15.1</ProjectVersion>
        <Base>True</Base>
        <Config Condition="'$(Config)'==''">build</Config>
        <Platform Condition="'$(Platform)'==''">Win32</Platform>
        <AppType>Package</AppType>
        <DCC_DCCCompiler>DCC32</DCC_DCCCompiler>
        <TargetedPlatforms>3</TargetedPlatforms>
    </PropertyGroup>
    <PropertyGroup Condition="'$(Config)'=='Base' or '$(Base)'!=''">
        <Base>true</Base>
    </PropertyGroup>
    <PropertyGroup Condition="('$(Platform)'=='Win64' and '$(Base)'=='true') or '$(Base_Win64)'!=''">
        <Base_Win64>true</Base_Win64>
        <CfgParent>Base</CfgParent>
        <Base>true</Base>
    </PropertyGroup>
    <PropertyGroup Condition="('$(Platform)'=='Win32' and '$(Base)'=='true') or '$(Base_Win32)'!=''">
        <Base_Win32>true</Base_Win32>
        <CfgParent>Base</CfgParent>
        <Base>true</Base>
    </PropertyGroup>
    <PropertyGroup Condition="('$(Platform)'=='Android' and '$(Base)'=='true') or '$(Base_Android)'!=''">
        <Base_Android>true</Base_Android>
        <CfgParent>Base</CfgParent>
        <Base>true</Base>
    </PropertyGroup>
    <PropertyGroup Condition="'$(Config)'=='build' or '$(Cfg_1)'!=''">
        <Cfg_1>true</Cfg_1>
        <CfgParent>Base</CfgParent>
        <Base>true</Base>
    </PropertyGroup>
    <PropertyGroup Condition="'$(Base)'!=''">
        <DCC_HppOutput>..\..</DCC_HppOutput>
        <RuntimeOnlyPackage>true</RuntimeOnlyPackage>
        <DesignOnlyPackage>false</DesignOnlyPackage>
        <VerInfo_IncludeVerInfo>true</VerInfo_IncludeVerInfo>
        <VerInfo_Keys>CompanyName=LMD Innovative;FileDescription=LMD ElPack Core Components;FileVersion=2016.5.0;InternalName=;LegalCopyright=Copyright (c) LMD Innovative;LegalTrademarks=;OriginalFilename=;ProductName=LMD VCL Series;ProductVersion=2016.5.0;Comments=</VerInfo_Keys>
        <VerInfo_Locale>1033</VerInfo_Locale>
        <DCC_Namespace>Winapi;System;System.Win;Xml;Data;Datasnap;Web;Soap;Vcl;Vcl.Imaging;Vcl.Touch;Vcl.Samples;Vcl.Shell;$(DCC_Namespace)</DCC_Namespace>
        <DCC_CBuilderOutput>All</DCC_CBuilderOutput>
        <GenPackage>true</GenPackage>
        <GenDll>true</GenDll>
        <DllSuffix>200</DllSuffix>
        <DCC_Description>LMD ElPack Core Components</DCC_Description>
        <DCC_DcuOutput>..\..\build\$(Platform)</DCC_DcuOutput>
        <DCC_ExeOutput>..\..\build\$(Platform)</DCC_ExeOutput>
        <DCC_E>false</DCC_E>
        <DCC_N>false</DCC_N>
        <DCC_S>false</DCC_S>
        <DCC_F>false</DCC_F>
        <DCC_K>false</DCC_K>
    </PropertyGroup>
    <PropertyGroup Condition="'$(Base_Win64)'!=''">
        <Manifest_File>$(BDS)\bin\default_app.manifest</Manifest_File>
    </PropertyGroup>
    <PropertyGroup Condition="'$(Base_Win32)'!=''">
        <Manifest_File>$(BDS)\bin\default_app.manifest</Manifest_File>
    </PropertyGroup>
    <PropertyGroup Condition="'$(Base_Android)'!=''">
        <VerInfo_IncludeVerInfo>false</VerInfo_IncludeVerInfo>
        <VerInfo_Keys>package=com.embarcadero.$(MSBuildProjectName);label=$(MSBuildProjectName);versionCode=1;versionName=1.0.0;persistent=False;restoreAnyVersion=False;installLocation=preferExternal;largeHeap=False;theme=TitleBar</VerInfo_Keys>
        <BT_BuildType>Debug</BT_BuildType>
    </PropertyGroup>
    <ItemGroup>
        <DelphiCompile Include="$(MainSource)">
            <MainSource>MainSource</MainSource>
        </DelphiCompile>
        <DCCReference Include="lmdrtl.dcp"> <CopyLocal>False</CopyLocal> </DCCReference>
    <DCCReference Include="rtl.dcp"> <CopyLocal>False</CopyLocal> </DCCReference>
    <DCCReference Include="vcl.dcp"> <CopyLocal>False</CopyLocal> </DCCReference>
    <DCCReference Include="vclx.dcp"> <CopyLocal>False</CopyLocal> </DCCReference>
    <DCCReference Include="lmdrtrtlx.dcp"> <CopyLocal>False</CopyLocal> </DCCReference>
    <DCCReference Include="lmdrtlog.dcp"> <CopyLocal>False</CopyLocal> </DCCReference>
        <DCCReference Include="..\..\ElACtrls.pas" />
    <DCCReference Include="..\..\ElAdvPanel.pas" />
    <DCCReference Include="..\..\ElAppBar.pas" />
    <DCCReference Include="..\..\ElAppBarForm.pas" />
    <DCCReference Include="..\..\ElBaseComp.pas" />
    <DCCReference Include="..\..\ElBiProgr.pas" />
    <DCCReference Include="..\..\ElBtnCtl.pas" />
    <DCCReference Include="..\..\ElBtnEdit.pas" />
    <DCCReference Include="..\..\ElCalc.pas" />
    <DCCReference Include="..\..\ElCalculatorEdit.pas" />
    <DCCReference Include="..\..\ElCalendar.pas" />
    <DCCReference Include="..\..\ElCalendarDefs.pas" />
    <DCCReference Include="..\..\ElCalendDlg.pas">
      <Form>ElCalendarForm</Form>
    </DCCReference>
    <DCCReference Include="..\..\ElCaption.pas" />
    <DCCReference Include="..\..\ElCGControl.pas" />
    <DCCReference Include="..\..\ElCheckCtl.pas" />
    <DCCReference Include="..\..\ElCheckItemGrp.pas" />
    <DCCReference Include="..\..\ElCLabel.pas" />
    <DCCReference Include="..\..\ElClipMon.pas" />
    <DCCReference Include="..\..\ElClock.pas" />
    <DCCReference Include="..\..\ElClrCmb.pas" />
    <DCCReference Include="..\..\ElCombos.pas" />
    <DCCReference Include="..\..\ElComponent.pas" />
    <DCCReference Include="..\..\ElCRC32.pas" />
    <DCCReference Include="..\..\ElCurrEdit.pas" />
    <DCCReference Include="..\..\ElDailyTip.pas">
      <Form>ElDailyTipForm</Form>
    </DCCReference>
    <DCCReference Include="..\..\ElDragDrop.pas" />
    <DCCReference Include="..\..\ElDriveCombo.pas" />
    <DCCReference Include="..\..\ElDTPick.pas" />
    <DCCReference Include="..\..\ElEditCmds.pas" />
    <DCCReference Include="..\..\ElEdits.pas" />
    <DCCReference Include="..\..\ElExpBar.pas" />
    <DCCReference Include="..\..\ElExpressionEval.pas" />
    <DCCReference Include="..\..\ElFlatCtl.pas" />
    <DCCReference Include="..\..\ElFolderDlg.pas" />
    <DCCReference Include="..\..\ElFontCombo.pas" />
    <DCCReference Include="..\..\ElFontListBox.pas" />
    <DCCReference Include="..\..\ElFrmPers.pas" />
    <DCCReference Include="..\..\ElGauge.pas" />
    <DCCReference Include="..\..\ElGraphs.pas" />
    <DCCReference Include="..\..\ElGroupBox.pas" />
    <DCCReference Include="..\..\ElHashList.pas" />
    <DCCReference Include="..\..\ElHeader.pas" />
    <DCCReference Include="..\..\ElHintWnd.pas" />
    <DCCReference Include="..\..\ElHook.pas" />
    <DCCReference Include="..\..\ElHotKey.pas" />
    <DCCReference Include="..\..\ElHstgrm.pas" />
    <DCCReference Include="..\..\ElHTMLContainer.pas" />
    <DCCReference Include="..\..\ElHTMLHint.pas" />
    <DCCReference Include="..\..\ElHTMLLbl.pas" />
    <DCCReference Include="..\..\ElHTMLPanel.pas" />
    <DCCReference Include="..\..\ElHTMLView.pas" />
    <DCCReference Include="..\..\ElImgCombo.pas" />
    <DCCReference Include="..\..\ElImgFrm.pas" />
    <DCCReference Include="..\..\ElImgLst.pas" />
    <DCCReference Include="..\..\ElIni.pas" />
    <DCCReference Include="..\..\ElInputDlg.pas" />
    <DCCReference Include="..\..\ElInputProcessor.pas" />
    <DCCReference Include="..\..\ElIPEdit.pas" />
    <DCCReference Include="..\..\ElLabel.pas" />
    <DCCReference Include="..\..\ElListBox.pas" />
    <DCCReference Include="..\..\ElMaskEdit.pas" />
    <DCCReference Include="..\..\ElMathParser.pas" />
    <DCCReference Include="..\..\ElMD5.pas" />
    <DCCReference Include="..\..\ElMemoCombo.pas" />
    <DCCReference Include="..\..\ElMenuBar.pas" />
    <DCCReference Include="..\..\ElMenus.pas" />
    <DCCReference Include="..\..\ElMouseHint.pas" />
    <DCCReference Include="..\..\ElMRU.pas" />
    <DCCReference Include="..\..\ElMTree.pas" />
    <DCCReference Include="..\..\ElNameEdits.pas" />
    <DCCReference Include="..\..\ElObjList.pas" />
    <DCCReference Include="..\..\ElOneInst.pas" />
    <DCCReference Include="..\..\ElOpts.pas" />
    <DCCReference Include="..\..\ElPanel.pas" />
    <DCCReference Include="..\..\ElPgCtl.pas" />
    <DCCReference Include="..\..\ElPopBtn.pas" />
    <DCCReference Include="..\..\ElPowerMan.pas" />
    <DCCReference Include="..\..\ElProcessUtils.pas" />
    <DCCReference Include="..\..\ElPromptDlg.pas" />
    <DCCReference Include="..\..\ElPropTools.pas" />
    <DCCReference Include="..\..\ElRegExpr.pas" />
    <DCCReference Include="..\..\ElRegUtils.pas" />
    <DCCReference Include="..\..\ElSBCtrl.pas" />
    <DCCReference Include="..\..\ElSBHook.pas" />
    <DCCReference Include="..\..\ElScrollBar.pas" />
    <DCCReference Include="..\..\ElScrollBox.pas" />
    <DCCReference Include="..\..\ElShellUtils.pas" />
    <DCCReference Include="..\..\ElShutdownWatcher.pas" />
    <DCCReference Include="..\..\ElSideBar.pas" />
    <DCCReference Include="..\..\ElSndMap.pas" />
    <DCCReference Include="..\..\ElSpin.pas" />
    <DCCReference Include="..\..\ElSpinBtn.pas" />
    <DCCReference Include="..\..\ElSplit.pas" />
    <DCCReference Include="..\..\ElStack.pas" />
    <DCCReference Include="..\..\ElStatBar.pas" />
    <DCCReference Include="..\..\ElStrArray.pas" />
    <DCCReference Include="..\..\ElStrPool.pas" />
    <DCCReference Include="..\..\ElStrToken.pas" />
    <DCCReference Include="..\..\ElStyleMan.pas" />
    <DCCReference Include="..\..\ElSysHotKey.pas" />
    <DCCReference Include="..\..\ElTimers.pas" />
    <DCCReference Include="..\..\ElToolBar.pas" />
    <DCCReference Include="..\..\ElTools.pas" />
    <DCCReference Include="..\..\ElTopmost.pas" />
    <DCCReference Include="..\..\ElTrackBar.pas" />
    <DCCReference Include="..\..\ElTray.pas" />
    <DCCReference Include="..\..\ElTrayInfo.pas" />
    <DCCReference Include="..\..\ElXTree.pas" />
    <DCCReference Include="..\..\ElXTreeCell.pas" />
    <DCCReference Include="..\..\ElXTreeCellCombo.pas" />
    <DCCReference Include="..\..\ElTree.pas" />
    <DCCReference Include="..\..\ElTreeInplaceEditors.pas" />
    <DCCReference Include="..\..\ElTreeAdvEdit.pas" />
    <DCCReference Include="..\..\ElTreeBtnEdit.pas" />
    <DCCReference Include="..\..\ElTreeCheckBoxEdit.pas" />
    <DCCReference Include="..\..\ElTreeColorCombo.pas" />
    <DCCReference Include="..\..\ElTreeCombo.pas" />
    <DCCReference Include="..\..\ElTreeComboBox.pas" />
    <DCCReference Include="..\..\ElTreeCurrEdit.pas" />
    <DCCReference Include="..\..\ElTreeDTPickEdit.pas" />
    <DCCReference Include="..\..\ElTreeGrids.pas" />
    <DCCReference Include="..\..\ElTreeMaskEdit.pas" />
    <DCCReference Include="..\..\ElTreeMemoComboEdit.pas" />
    <DCCReference Include="..\..\ElTreeMemoEdit.pas" />
    <DCCReference Include="..\..\ElTreeModalEdit.pas" />
    <DCCReference Include="..\..\ElTreeSpinEdit.pas" />
    <DCCReference Include="..\..\ElTreeStdEditors.pas" />
    <DCCReference Include="..\..\ElTreeTreeComboEdit.pas" />
    <DCCReference Include="..\..\ElURLLabel.pas" />
    <DCCReference Include="..\..\ElVCLUtils.pas" />
    <DCCReference Include="..\..\ElVerInfo.pas" />
    <DCCReference Include="..\..\ElXHeader.pas" />
    <DCCReference Include="..\..\ElXPThemedControl.pas" />
    <DCCReference Include="..\..\ElFormContainer.pas" />
    <DCCReference Include="..\..\ElFormDisplay.pas" />
    <DCCReference Include="..\..\ElFormPgCtl.pas" />
    <DCCReference Include="..\..\frmHdrStp.pas" />
    <DCCReference Include="..\..\frmTbrStp.pas" />
    <DCCReference Include="..\..\HTMLLbx.pas" />
    <DCCReference Include="..\..\LMDElConst.pas" />
    <DCCReference Include="..\..\LMDGlyphs.pas" />
    <DCCReference Include="..\..\LMDUniscribeStrings.pas" />
    <DCCReference Include="..\..\ElShadowWindow.pas" />
        <BuildConfiguration Include="Base">
            <Key>Base</Key>
        </BuildConfiguration>
        <BuildConfiguration Include="build">
            <Key>Cfg_1</Key>
            <CfgParent>Base</CfgParent>
        </BuildConfiguration>
    </ItemGroup>
    <ProjectExtensions>
        <Borland.Personality>Delphi.Personality.12</Borland.Personality>
        <Borland.ProjectType>Package</Borland.ProjectType>
        <BorlandProject>
            <Delphi.Personality>
                <VersionInfo>
                    <VersionInfo Name="IncludeVerInfo">True</VersionInfo>
                    <VersionInfo Name="AutoIncBuild">False</VersionInfo>
                    <VersionInfo Name="MajorVer">1</VersionInfo>
                    <VersionInfo Name="MinorVer">0</VersionInfo>
                    <VersionInfo Name="Release">0</VersionInfo>
                    <VersionInfo Name="Build">0</VersionInfo>
                    <VersionInfo Name="Debug">False</VersionInfo>
                    <VersionInfo Name="PreRelease">False</VersionInfo>
                    <VersionInfo Name="Special">False</VersionInfo>
                    <VersionInfo Name="Private">False</VersionInfo>
                    <VersionInfo Name="DLL">False</VersionInfo>
                    <VersionInfo Name="Locale">1049</VersionInfo>
                    <VersionInfo Name="CodePage">1251</VersionInfo>
                </VersionInfo>
                <VersionInfoKeys>
                    <VersionInfoKeys Name="CompanyName">LMD Innovative</VersionInfoKeys>
                    <VersionInfoKeys Name="FileDescription">LMD ElPack Core Components</VersionInfoKeys>
                    <VersionInfoKeys Name="FileVersion">2016.5.0</VersionInfoKeys>
                    <VersionInfoKeys Name="InternalName"/>
                    <VersionInfoKeys Name="LegalCopyright">Copyright (c) LMD Innovative</VersionInfoKeys>
                    <VersionInfoKeys Name="LegalTrademarks"/>
                    <VersionInfoKeys Name="OriginalFilename"/>
                    <VersionInfoKeys Name="ProductName">LMD 2014 VCL Series</VersionInfoKeys>
                    <VersionInfoKeys Name="ProductVersion">2016.5.0</VersionInfoKeys>
                    <VersionInfoKeys Name="Comments"/>
                </VersionInfoKeys>
                <Source>
                    <Source Name="MainSource">lmdrtelcore.dpk</Source>
                </Source>
                <Excluded_Packages>
                    <Excluded_Packages Name="$(BDSBIN)\bcboffice2k160.bpl">Embarcadero C++Builder Office 2000 Servers Package</Excluded_Packages>
                    <Excluded_Packages Name="$(BDSBIN)\bcbofficexp160.bpl">Embarcadero C++Builder Office XP Servers Package</Excluded_Packages>
                    <Excluded_Packages Name="$(BDSBIN)\dclofficexp160.bpl">Microsoft Office XP Sample Automation Server Wrapper Components</Excluded_Packages>
                </Excluded_Packages>
            </Delphi.Personality>
            <Deployment/>
            <Platforms>
                <Platform value="Android">False</Platform>
                <Platform value="iOSDevice">False</Platform>
                <Platform value="iOSSimulator">False</Platform>
                <Platform value="OSX32">False</Platform>
                <Platform value="Win32">True</Platform>
                <Platform value="Win64">True</Platform>
            </Platforms>
        </BorlandProject>
        <ProjectFileVersion>12</ProjectFileVersion>
    </ProjectExtensions>
    <Import Condition="Exists('$(BDS)\Bin\CodeGear.Delphi.Targets')" Project="$(BDS)\Bin\CodeGear.Delphi.Targets"/>
    <Import Condition="Exists('$(APPDATA)\Embarcadero\$(BDSAPPDATABASEDIR)\$(PRODUCTVERSION)\UserTools.proj')" Project="$(APPDATA)\Embarcadero\$(BDSAPPDATABASEDIR)\$(PRODUCTVERSION)\UserTools.proj"/>
</Project>
