<Project xmlns="http://schemas.microsoft.com/developer/msbuild/2003">
  <PropertyGroup>
    <ProjectGuid>{FAE09BBC-A7D9-479C-8AC3-6674C8765D0E}</ProjectGuid>
    <MainSource>dcllmdrtl.dpk</MainSource>
    <Configuration Condition=" '$(Configuration)' == '' ">build</Configuration>
    <Platform Condition=" '$(Platform)' == '' ">AnyCPU</Platform>
    <DCC_DCCCompiler>DCC32</DCC_DCCCompiler>
    <DCC_DependencyCheckOutputName>dcllmdrtl.bpl</DCC_DependencyCheckOutputName>
  </PropertyGroup>
  <PropertyGroup Condition=" '$(Configuration)|$(Platform)' == 'build|AnyCPU' ">
    <Version>7.0</Version>
    <DCC_DebugInformation>False</DCC_DebugInformation>
    <DCC_LocalDebugSymbols>False</DCC_LocalDebugSymbols>
    <DCC_SymbolReferenceInfo>0</DCC_SymbolReferenceInfo>
    <DCC_CBuilderOutput>All</DCC_CBuilderOutput>
    <DCC_Define>RELEASE</DCC_Define>
    <DCC_DcuOutput>..\..\build</DCC_DcuOutput>
    <DCC_HppOutput>..\..</DCC_HppOutput>
  </PropertyGroup>
  <ProjectExtensions>
    <Borland.Personality>Delphi.Personality</Borland.Personality>
    <Borland.ProjectType>Package</Borland.ProjectType>
    <BorlandProject>
<BorlandProject xmlns=""> <Delphi.Personality>   <Parameters>
      <Parameters Name="UseLauncher">False</Parameters>
      <Parameters Name="LoadAllSymbols">True</Parameters>
      <Parameters Name="LoadUnspecifiedSymbols">False</Parameters>
    </Parameters>
    <Package_Options>
      <Package_Options Name="PackageDescription">LMD 2016 - Common Designtime Enhancements</Package_Options>
      <Package_Options Name="ImplicitBuild">False</Package_Options>
      <Package_Options Name="DesigntimeOnly">true</Package_Options>
      <Package_Options Name="RuntimeOnly">false</Package_Options>
    </Package_Options>
    <VersionInfo>
      <VersionInfo Name="IncludeVerInfo">True</VersionInfo>
      <VersionInfo Name="AutoIncBuild">False</VersionInfo>
      <VersionInfo Name="MajorVer">1</VersionInfo>
      <VersionInfo Name="MinorVer">0</VersionInfo>
      <VersionInfo Name="Release">0</VersionInfo>
      <VersionInfo Name="Build">0</VersionInfo>
      <VersionInfo Name="Debug">False</VersionInfo>
      <VersionInfo Name="PreRelease">False</VersionInfo>
      <VersionInfo Name="Special">False</VersionInfo>
      <VersionInfo Name="Private">False</VersionInfo>
      <VersionInfo Name="DLL">False</VersionInfo>
      <VersionInfo Name="Locale">1049</VersionInfo>
      <VersionInfo Name="CodePage">1251</VersionInfo>
    </VersionInfo>
    <VersionInfoKeys>
      <VersionInfoKeys Name="CompanyName">LMD Innovative</VersionInfoKeys>
      <VersionInfoKeys Name="FileDescription">LMD 2016 - Common Designtime Enhancements</VersionInfoKeys>
      <VersionInfoKeys Name="FileVersion">2016.5.*</VersionInfoKeys>
      <VersionInfoKeys Name="InternalName"></VersionInfoKeys>
      <VersionInfoKeys Name="LegalCopyright">Copyright (c) LMD Innovative</VersionInfoKeys>
      <VersionInfoKeys Name="LegalTrademarks"></VersionInfoKeys>
      <VersionInfoKeys Name="OriginalFilename"></VersionInfoKeys>
      <VersionInfoKeys Name="ProductName">LMD 2009 VCL Series</VersionInfoKeys>
      <VersionInfoKeys Name="ProductVersion">1.0.0.0</VersionInfoKeys>
      <VersionInfoKeys Name="Comments"></VersionInfoKeys>
    </VersionInfoKeys>
    <Source>
      <Source Name="MainSource">dcllmdrtl.dpk</Source>
    </Source>
  </Delphi.Personality> </BorlandProject></BorlandProject>
  </ProjectExtensions>
  <ItemGroup />
  <ItemGroup>
    <DelphiCompile Include="dcllmdrtl.dpk">
      <MainSource>MainSource</MainSource>
    </DelphiCompile>
    <DCCReference Include="..\..\LMD_RegRtl.pas" />
    <DCCReference Include="..\..\pLMDCPGetBase.pas" />
    <DCCReference Include="..\..\pLMDColorBox.pas" />
    <DCCReference Include="..\..\pLMDComAboutDlg.pas">
      <Form>LMDAboutDlg</Form>
    </DCCReference>
    <DCCReference Include="..\..\pLMDComBrushDlg.pas">
      <Form>LMDComBrushEditorDlg</Form>
    </DCCReference>
    <DCCReference Include="..\..\pLMDCommon.pas" />
    <DCCReference Include="..\..\pLMDCst.pas" />
    <DCCReference Include="..\..\pLMDDateTimeEditorDlg.pas">
      <Form>LMDFrmDateTimeEditor</Form>
    </DCCReference>
    <DCCReference Include="..\..\pLMDGlobalEditors.pas" />
    <DCCReference Include="..\..\pLMDImageBox.pas" />
    <DCCReference Include="..\..\pLMDOIEnh.pas" />
    <DCCReference Include="..\..\pLMDURLLabel.pas" />
    <DCCReference Include="..\..\pLMDConfigExp.pas" />
    <DCCReference Include="..\..\pLMDConfigDlg.pas">
      <Form>LMDConfigDlg</Form>
    </DCCReference>
    <DCCReference Include="..\..\pLMDHotkeyEditorDlg.pas">
      <Form>LMDfrmHotkeyEditor</Form>
    </DCCReference>
    <DCCReference Include="..\..\pLMDWideStringsEditDlg.pas">
      <Form>FrmLMDWideStringsEditor</Form>
    </DCCReference>
    <DCCReference Include="rtl.dcp"> <CopyLocal>False</CopyLocal> </DCCReference>
    <DCCReference Include="vcl.dcp"> <CopyLocal>False</CopyLocal> </DCCReference>
    <DCCReference Include="vclx.dcp"> <CopyLocal>False</CopyLocal> </DCCReference>
    <DCCReference Include="designide.dcp"> <CopyLocal>False</CopyLocal> </DCCReference>
    <DCCReference Include="dclstd.dcp"> <CopyLocal>False</CopyLocal> </DCCReference>
    <DCCReference Include="lmdrtl.dcp"> <CopyLocal>False</CopyLocal> </DCCReference>
  </ItemGroup>
  <Import Project="$(MSBuildBinPath)\Borland.Delphi.Targets" />
</Project>
