<Project xmlns="http://schemas.microsoft.com/developer/msbuild/2003">
  <PropertyGroup>
    <ProjectGuid>{12B75F85-30DE-4C42-B1B6-9AF4ABE56B35}</ProjectGuid>
    <MainSource>lmdrtl.dpk</MainSource>
    <Configuration Condition=" '$(Configuration)' == '' ">build</Configuration>
    <Platform Condition=" '$(Platform)' == '' ">AnyCPU</Platform>
    <DCC_DCCCompiler>DCC32</DCC_DCCCompiler>
    <DCC_DependencyCheckOutputName>lmdrtl.bpl</DCC_DependencyCheckOutputName>
  </PropertyGroup>
  <PropertyGroup Condition=" '$(Configuration)|$(Platform)' == 'build|AnyCPU' ">
    <Version>7.0</Version>
    <DCC_DebugInformation>False</DCC_DebugInformation>
    <DCC_LocalDebugSymbols>False</DCC_LocalDebugSymbols>
    <DCC_SymbolReferenceInfo>0</DCC_SymbolReferenceInfo>
    <DCC_CBuilderOutput>All</DCC_CBuilderOutput>
    <DCC_Define>RELEASE</DCC_Define>
    <DCC_DcuOutput>..\..\build</DCC_DcuOutput>
    <DCC_HppOutput>..\..</DCC_HppOutput>
  </PropertyGroup>
  <ProjectExtensions>
    <Borland.Personality>Delphi.Personality</Borland.Personality>
    <Borland.ProjectType>Package</Borland.ProjectType>
    <BorlandProject>
<BorlandProject xmlns=""> <Delphi.Personality>   <Parameters>
      <Parameters Name="UseLauncher">False</Parameters>
      <Parameters Name="LoadAllSymbols">True</Parameters>
      <Parameters Name="LoadUnspecifiedSymbols">False</Parameters>
    </Parameters>
    <Package_Options>
      <Package_Options Name="PackageDescription">LMD 2016 - Runtime Library</Package_Options>
      <Package_Options Name="ImplicitBuild">False</Package_Options>
      <Package_Options Name="DesigntimeOnly">false</Package_Options>
      <Package_Options Name="RuntimeOnly">true</Package_Options>
    </Package_Options>
    <VersionInfo>
      <VersionInfo Name="IncludeVerInfo">True</VersionInfo>
      <VersionInfo Name="AutoIncBuild">False</VersionInfo>
      <VersionInfo Name="MajorVer">1</VersionInfo>
      <VersionInfo Name="MinorVer">0</VersionInfo>
      <VersionInfo Name="Release">0</VersionInfo>
      <VersionInfo Name="Build">0</VersionInfo>
      <VersionInfo Name="Debug">False</VersionInfo>
      <VersionInfo Name="PreRelease">False</VersionInfo>
      <VersionInfo Name="Special">False</VersionInfo>
      <VersionInfo Name="Private">False</VersionInfo>
      <VersionInfo Name="DLL">False</VersionInfo>
      <VersionInfo Name="Locale">1049</VersionInfo>
      <VersionInfo Name="CodePage">1251</VersionInfo>
    </VersionInfo>
    <VersionInfoKeys>
      <VersionInfoKeys Name="CompanyName">LMD Innovative</VersionInfoKeys>
      <VersionInfoKeys Name="FileDescription">LMD 2016 - Runtime Library</VersionInfoKeys>
      <VersionInfoKeys Name="FileVersion">2016.5.*</VersionInfoKeys>
      <VersionInfoKeys Name="InternalName"></VersionInfoKeys>
      <VersionInfoKeys Name="LegalCopyright">Copyright (c) LMD Innovative</VersionInfoKeys>
      <VersionInfoKeys Name="LegalTrademarks"></VersionInfoKeys>
      <VersionInfoKeys Name="OriginalFilename"></VersionInfoKeys>
      <VersionInfoKeys Name="ProductName">LMD 2009 VCL Series</VersionInfoKeys>
      <VersionInfoKeys Name="ProductVersion">1.0.0.0</VersionInfoKeys>
      <VersionInfoKeys Name="Comments"></VersionInfoKeys>
    </VersionInfoKeys>
    <Source>
      <Source Name="MainSource">lmdrtl.dpk</Source>
    </Source>
  </Delphi.Personality> </BorlandProject></BorlandProject>
  </ProjectExtensions>
  <ItemGroup />
  <ItemGroup>
    <DelphiCompile Include="lmdrtl.dpk">
      <MainSource>MainSource</MainSource>
    </DelphiCompile>
    
    <DCCReference Include="..\..\intfLMDBase.pas" />
    <DCCReference Include="..\..\LMDArray.pas" />
    <DCCReference Include="..\..\LMDArrayUtils.pas" />
    <DCCReference Include="..\..\LMDBitmap.pas" />
    <DCCReference Include="..\..\LMDBuffer.pas" />
    <DCCReference Include="..\..\LMDBinaryTree.pas" />
    <DCCReference Include="..\..\LMDClass.pas" />
    <DCCReference Include="..\..\LMDCustomComponent.pas" />
    <DCCReference Include="..\..\LMDCustomIniComponent.pas" />
    <DCCReference Include="..\..\LMDDateTime.pas" />
    <DCCReference Include="..\..\LMDDebugUnit.pas" />
    <DCCReference Include="..\..\LMDDynFIFOBuffer.pas" />
    <DCCReference Include="..\..\LMDDynLIFOBuffer.pas" />
    <DCCReference Include="..\..\LMDIniCtrl.pas" />
    <DCCReference Include="..\..\LMDList.pas" />
    <DCCReference Include="..\..\LMDHashTable.pas" />
    <DCCReference Include="..\..\LMDMemoryMappedStream.pas" />
    <DCCReference Include="..\..\LMDObject.pas" />
    <DCCReference Include="..\..\LMDObjectList.pas" />
    <DCCReference Include="..\..\LMDProcs.pas" />
    <DCCReference Include="..\..\LMDQueue.pas" />
    <DCCReference Include="..\..\LMDRTLConst.pas" />
    <DCCReference Include="..\..\LMDShSpinEdit.pas" />
    <DCCReference Include="..\..\LMDShUtils.pas" />
    <DCCReference Include="..\..\LMDStack.pas" />
    <DCCReference Include="..\..\LMDStrings.pas" />
    <DCCReference Include="..\..\LMDSysIn.pas" />
    <DCCReference Include="..\..\LMDThreads.pas" />
    <DCCReference Include="..\..\LMDTypes.pas" />
    <DCCReference Include="..\..\LMDUnicode.pas" />
    <DCCReference Include="..\..\LMDUnicodeControl.pas" />
    <DCCReference Include="..\..\LMDUnicodeStrings.pas" />
    <DCCReference Include="..\..\LMDUnicodeEncodings.pas" />
    <DCCReference Include="..\..\LMDUtils.pas" />
    <DCCReference Include="..\..\LMDDateUtils.pas" />
    <DCCReference Include="..\..\LMDFiles.pas" />
    <DCCReference Include="..\..\LMDRegExpr.pas" />
    <DCCReference Include="..\..\LMDInprocHookAPI.pas" />
    <DCCReference Include="..\..\LMDXML.pas" />
    <DCCReference Include="..\..\LMDZLib.pas" />
    <DCCReference Include="..\..\LMDZCommonUnit.pas" />
    <DCCReference Include="..\..\LMDZCompressUnit.pas" />
    <DCCReference Include="..\..\LMDZUnCompressUnit.pas" />
    <DCCReference Include="..\..\LMDSvcPvdr.pas" />
    <DCCReference Include="rtl.dcp"> <CopyLocal>False</CopyLocal> </DCCReference>
    <DCCReference Include="vcl.dcp"> <CopyLocal>False</CopyLocal> </DCCReference>
    <DCCReference Include="vclx.dcp"> <CopyLocal>False</CopyLocal> </DCCReference>
  </ItemGroup>
  <Import Project="$(MSBuildBinPath)\Borland.Delphi.Targets" />
</Project>
